// !$*UTF8*$!
{
	archiveVersion = 1;
	classes = {
	};
	objectVersion = 46;
	objects = {

/* Begin PBXBuildFile section */
		54137D701C351A2200969555 /* main.m in Sources */ = {isa = PBXBuildFile; fileRef = 54137D6F1C351A2200969555 /* main.m */; };
		54137D731C351A2200969555 /* AppDelegate.m in Sources */ = {isa = PBXBuildFile; fileRef = 54137D721C351A2200969555 /* AppDelegate.m */; };
		54137D761C351A2200969555 /* ViewController.m in Sources */ = {isa = PBXBuildFile; fileRef = 54137D751C351A2200969555 /* ViewController.m */; };
		54137D791C351A2200969555 /* Main.storyboard in Resources */ = {isa = PBXBuildFile; fileRef = 54137D771C351A2200969555 /* Main.storyboard */; };
		54137D7B1C351A2200969555 /* Assets.xcassets in Resources */ = {isa = PBXBuildFile; fileRef = 54137D7A1C351A2200969555 /* Assets.xcassets */; };
		54137D7E1C351A2200969555 /* LaunchScreen.storyboard in Resources */ = {isa = PBXBuildFile; fileRef = 54137D7C1C351A2200969555 /* LaunchScreen.storyboard */; };
		54137D891C351A2200969555 /* redfashionTests.m in Sources */ = {isa = PBXBuildFile; fileRef = 54137D881C351A2200969555 /* redfashionTests.m */; };
		54137D941C351A2200969555 /* redfashionUITests.m in Sources */ = {isa = PBXBuildFile; fileRef = 54137D931C351A2200969555 /* redfashionUITests.m */; };
		54B6EFD61C3BBD4B0018E9E9 /* ClassModel.m in Sources */ = {isa = PBXBuildFile; fileRef = 54B6EFD51C3BBD4B0018E9E9 /* ClassModel.m */; };
		54B6EFDA1C3BD52D0018E9E9 /* ClassCollectionViewCell.m in Sources */ = {isa = PBXBuildFile; fileRef = 54B6EFD81C3BD52D0018E9E9 /* ClassCollectionViewCell.m */; };
		54B6EFDB1C3BD52D0018E9E9 /* ClassCollectionViewCell.xib in Resources */ = {isa = PBXBuildFile; fileRef = 54B6EFD91C3BD52D0018E9E9 /* ClassCollectionViewCell.xib */; };
		54B6EFDF1C3BE1150018E9E9 /* LoginViewController.m in Sources */ = {isa = PBXBuildFile; fileRef = 54B6EFDD1C3BE1150018E9E9 /* LoginViewController.m */; };
		54B6EFE01C3BE1150018E9E9 /* LoginViewController.xib in Resources */ = {isa = PBXBuildFile; fileRef = 54B6EFDE1C3BE1150018E9E9 /* LoginViewController.xib */; };
		54B6F00E1C3BED200018E9E9 /* MJRefreshAutoFooter.m in Sources */ = {isa = PBXBuildFile; fileRef = 54B6EFE41C3BED200018E9E9 /* MJRefreshAutoFooter.m */; };
		54B6F00F1C3BED200018E9E9 /* MJRefreshBackFooter.m in Sources */ = {isa = PBXBuildFile; fileRef = 54B6EFE61C3BED200018E9E9 /* MJRefreshBackFooter.m */; };
		54B6F0101C3BED200018E9E9 /* MJRefreshComponent.m in Sources */ = {isa = PBXBuildFile; fileRef = 54B6EFE81C3BED200018E9E9 /* MJRefreshComponent.m */; };
		54B6F0111C3BED200018E9E9 /* MJRefreshFooter.m in Sources */ = {isa = PBXBuildFile; fileRef = 54B6EFEA1C3BED200018E9E9 /* MJRefreshFooter.m */; };
		54B6F0121C3BED200018E9E9 /* MJRefreshHeader.m in Sources */ = {isa = PBXBuildFile; fileRef = 54B6EFEC1C3BED200018E9E9 /* MJRefreshHeader.m */; };
		54B6F0131C3BED200018E9E9 /* MJRefreshAutoGifFooter.m in Sources */ = {isa = PBXBuildFile; fileRef = 54B6EFF11C3BED200018E9E9 /* MJRefreshAutoGifFooter.m */; };
		54B6F0141C3BED200018E9E9 /* MJRefreshAutoNormalFooter.m in Sources */ = {isa = PBXBuildFile; fileRef = 54B6EFF31C3BED200018E9E9 /* MJRefreshAutoNormalFooter.m */; };
		54B6F0151C3BED200018E9E9 /* MJRefreshAutoStateFooter.m in Sources */ = {isa = PBXBuildFile; fileRef = 54B6EFF51C3BED200018E9E9 /* MJRefreshAutoStateFooter.m */; };
		54B6F0161C3BED200018E9E9 /* MJRefreshBackGifFooter.m in Sources */ = {isa = PBXBuildFile; fileRef = 54B6EFF81C3BED200018E9E9 /* MJRefreshBackGifFooter.m */; };
		54B6F0171C3BED200018E9E9 /* MJRefreshBackNormalFooter.m in Sources */ = {isa = PBXBuildFile; fileRef = 54B6EFFA1C3BED200018E9E9 /* MJRefreshBackNormalFooter.m */; };
		54B6F0181C3BED200018E9E9 /* MJRefreshBackStateFooter.m in Sources */ = {isa = PBXBuildFile; fileRef = 54B6EFFC1C3BED200018E9E9 /* MJRefreshBackStateFooter.m */; };
		54B6F0191C3BED200018E9E9 /* MJRefreshGifHeader.m in Sources */ = {isa = PBXBuildFile; fileRef = 54B6EFFF1C3BED200018E9E9 /* MJRefreshGifHeader.m */; };
		54B6F01A1C3BED200018E9E9 /* MJRefreshNormalHeader.m in Sources */ = {isa = PBXBuildFile; fileRef = 54B6F0011C3BED200018E9E9 /* MJRefreshNormalHeader.m */; };
		54B6F01B1C3BED200018E9E9 /* MJRefreshStateHeader.m in Sources */ = {isa = PBXBuildFile; fileRef = 54B6F0031C3BED200018E9E9 /* MJRefreshStateHeader.m */; };
		54B6F01C1C3BED200018E9E9 /* MJRefresh.bundle in Resources */ = {isa = PBXBuildFile; fileRef = 54B6F0041C3BED200018E9E9 /* MJRefresh.bundle */; };
		54B6F01D1C3BED200018E9E9 /* MJRefreshConst.m in Sources */ = {isa = PBXBuildFile; fileRef = 54B6F0071C3BED200018E9E9 /* MJRefreshConst.m */; };
		54B6F01E1C3BED200018E9E9 /* UIScrollView+MJExtension.m in Sources */ = {isa = PBXBuildFile; fileRef = 54B6F0091C3BED200018E9E9 /* UIScrollView+MJExtension.m */; };
		54B6F01F1C3BED200018E9E9 /* UIScrollView+MJRefresh.m in Sources */ = {isa = PBXBuildFile; fileRef = 54B6F00B1C3BED200018E9E9 /* UIScrollView+MJRefresh.m */; };
		54B6F0201C3BED200018E9E9 /* UIView+MJExtension.m in Sources */ = {isa = PBXBuildFile; fileRef = 54B6F00D1C3BED200018E9E9 /* UIView+MJExtension.m */; };
		54CDBEB71C37FE47009CAA0F /* RootTabBarController.m in Sources */ = {isa = PBXBuildFile; fileRef = 54CDBEB61C37FE47009CAA0F /* RootTabBarController.m */; };
		54CDBEBD1C37FFD3009CAA0F /* BaseViewController.m in Sources */ = {isa = PBXBuildFile; fileRef = 54CDBEBB1C37FFD3009CAA0F /* BaseViewController.m */; };
		54CDBEBE1C37FFD3009CAA0F /* BaseViewController.xib in Resources */ = {isa = PBXBuildFile; fileRef = 54CDBEBC1C37FFD3009CAA0F /* BaseViewController.xib */; };
		54CDBEC31C380003009CAA0F /* PickViewController.m in Sources */ = {isa = PBXBuildFile; fileRef = 54CDBEC11C380003009CAA0F /* PickViewController.m */; };
		54CDBEC41C380003009CAA0F /* PickViewController.xib in Resources */ = {isa = PBXBuildFile; fileRef = 54CDBEC21C380003009CAA0F /* PickViewController.xib */; };
		54CDBECB1C382AA1009CAA0F /* ClassificationViewController.m in Sources */ = {isa = PBXBuildFile; fileRef = 54CDBEC91C382AA1009CAA0F /* ClassificationViewController.m */; };
		54CDBECC1C382AA1009CAA0F /* ClassificationViewController.xib in Resources */ = {isa = PBXBuildFile; fileRef = 54CDBECA1C382AA1009CAA0F /* ClassificationViewController.xib */; };
		54CDBED01C382AB4009CAA0F /* FashionViewController.m in Sources */ = {isa = PBXBuildFile; fileRef = 54CDBECE1C382AB4009CAA0F /* FashionViewController.m */; };
		54CDBED11C382AB4009CAA0F /* FashionViewController.xib in Resources */ = {isa = PBXBuildFile; fileRef = 54CDBECF1C382AB4009CAA0F /* FashionViewController.xib */; };
		54CDBED51C382ABF009CAA0F /* MyViewController.m in Sources */ = {isa = PBXBuildFile; fileRef = 54CDBED31C382ABF009CAA0F /* MyViewController.m */; };
		54CDBED61C382ABF009CAA0F /* MyViewController.xib in Resources */ = {isa = PBXBuildFile; fileRef = 54CDBED41C382ABF009CAA0F /* MyViewController.xib */; };
		54CDBF121C38DF65009CAA0F /* AFHTTPSessionManager.m in Sources */ = {isa = PBXBuildFile; fileRef = 54CDBF061C38DF65009CAA0F /* AFHTTPSessionManager.m */; };
		54CDBF131C38DF65009CAA0F /* AFNetworkReachabilityManager.m in Sources */ = {isa = PBXBuildFile; fileRef = 54CDBF091C38DF65009CAA0F /* AFNetworkReachabilityManager.m */; };
		54CDBF141C38DF65009CAA0F /* AFSecurityPolicy.m in Sources */ = {isa = PBXBuildFile; fileRef = 54CDBF0B1C38DF65009CAA0F /* AFSecurityPolicy.m */; };
		54CDBF151C38DF65009CAA0F /* AFURLRequestSerialization.m in Sources */ = {isa = PBXBuildFile; fileRef = 54CDBF0D1C38DF65009CAA0F /* AFURLRequestSerialization.m */; };
		54CDBF161C38DF65009CAA0F /* AFURLResponseSerialization.m in Sources */ = {isa = PBXBuildFile; fileRef = 54CDBF0F1C38DF65009CAA0F /* AFURLResponseSerialization.m */; };
		54CDBF171C38DF65009CAA0F /* AFURLSessionManager.m in Sources */ = {isa = PBXBuildFile; fileRef = 54CDBF111C38DF65009CAA0F /* AFURLSessionManager.m */; };
		54CDBF3A1C38DF97009CAA0F /* MKAnnotationView+WebCache.m in Sources */ = {isa = PBXBuildFile; fileRef = 54CDBF1A1C38DF97009CAA0F /* MKAnnotationView+WebCache.m */; };
		54CDBF3B1C38DF97009CAA0F /* NSData+ImageContentType.m in Sources */ = {isa = PBXBuildFile; fileRef = 54CDBF1C1C38DF97009CAA0F /* NSData+ImageContentType.m */; };
		54CDBF3C1C38DF97009CAA0F /* SDImageCache.m in Sources */ = {isa = PBXBuildFile; fileRef = 54CDBF1E1C38DF97009CAA0F /* SDImageCache.m */; };
		54CDBF3D1C38DF97009CAA0F /* SDWebImageCompat.m in Sources */ = {isa = PBXBuildFile; fileRef = 54CDBF201C38DF97009CAA0F /* SDWebImageCompat.m */; };
		54CDBF3E1C38DF97009CAA0F /* SDWebImageDecoder.m in Sources */ = {isa = PBXBuildFile; fileRef = 54CDBF221C38DF97009CAA0F /* SDWebImageDecoder.m */; };
		54CDBF3F1C38DF97009CAA0F /* SDWebImageDownloader.m in Sources */ = {isa = PBXBuildFile; fileRef = 54CDBF241C38DF97009CAA0F /* SDWebImageDownloader.m */; };
		54CDBF401C38DF97009CAA0F /* SDWebImageDownloaderOperation.m in Sources */ = {isa = PBXBuildFile; fileRef = 54CDBF261C38DF97009CAA0F /* SDWebImageDownloaderOperation.m */; };
		54CDBF411C38DF97009CAA0F /* SDWebImageManager.m in Sources */ = {isa = PBXBuildFile; fileRef = 54CDBF281C38DF97009CAA0F /* SDWebImageManager.m */; };
		54CDBF421C38DF97009CAA0F /* SDWebImagePrefetcher.m in Sources */ = {isa = PBXBuildFile; fileRef = 54CDBF2B1C38DF97009CAA0F /* SDWebImagePrefetcher.m */; };
		54CDBF431C38DF97009CAA0F /* UIButton+WebCache.m in Sources */ = {isa = PBXBuildFile; fileRef = 54CDBF2D1C38DF97009CAA0F /* UIButton+WebCache.m */; };
		54CDBF441C38DF97009CAA0F /* UIImage+GIF.m in Sources */ = {isa = PBXBuildFile; fileRef = 54CDBF2F1C38DF97009CAA0F /* UIImage+GIF.m */; };
		54CDBF451C38DF97009CAA0F /* UIImage+MultiFormat.m in Sources */ = {isa = PBXBuildFile; fileRef = 54CDBF311C38DF97009CAA0F /* UIImage+MultiFormat.m */; };
		54CDBF461C38DF97009CAA0F /* UIImage+WebP.m in Sources */ = {isa = PBXBuildFile; fileRef = 54CDBF331C38DF97009CAA0F /* UIImage+WebP.m */; };
		54CDBF471C38DF97009CAA0F /* UIImageView+HighlightedWebCache.m in Sources */ = {isa = PBXBuildFile; fileRef = 54CDBF351C38DF97009CAA0F /* UIImageView+HighlightedWebCache.m */; };
		54CDBF481C38DF97009CAA0F /* UIImageView+WebCache.m in Sources */ = {isa = PBXBuildFile; fileRef = 54CDBF371C38DF97009CAA0F /* UIImageView+WebCache.m */; };
		54CDBF491C38DF97009CAA0F /* UIView+WebCacheOperation.m in Sources */ = {isa = PBXBuildFile; fileRef = 54CDBF391C38DF97009CAA0F /* UIView+WebCacheOperation.m */; };
		54CDBF4D1C38F67B009CAA0F /* BaseModel.m in Sources */ = {isa = PBXBuildFile; fileRef = 54CDBF4C1C38F67B009CAA0F /* BaseModel.m */; };
		54CDBF511C38F723009CAA0F /* PickViewHeadModel.m in Sources */ = {isa = PBXBuildFile; fileRef = 54CDBF501C38F723009CAA0F /* PickViewHeadModel.m */; };
		54E314161C3B636A003AAD23 /* FashionModel.m in Sources */ = {isa = PBXBuildFile; fileRef = 54E314151C3B636A003AAD23 /* FashionModel.m */; };
		54E3141B1C3B6A8E003AAD23 /* FashionTableViewCell.m in Sources */ = {isa = PBXBuildFile; fileRef = 54E314191C3B6A8E003AAD23 /* FashionTableViewCell.m */; };
		54E3141C1C3B6A8E003AAD23 /* FashionTableViewCell.xib in Resources */ = {isa = PBXBuildFile; fileRef = 54E3141A1C3B6A8E003AAD23 /* FashionTableViewCell.xib */; };
		54E461891C3A180100492BCB /* PickViewTableViewCell.m in Sources */ = {isa = PBXBuildFile; fileRef = 54E461871C3A180100492BCB /* PickViewTableViewCell.m */; };
		54E4618A1C3A180100492BCB /* PickViewTableViewCell.xib in Resources */ = {isa = PBXBuildFile; fileRef = 54E461881C3A180100492BCB /* PickViewTableViewCell.xib */; };
		54E4618D1C3A23AF00492BCB /* PickViewBodyModel.m in Sources */ = {isa = PBXBuildFile; fileRef = 54E4618C1C3A23AF00492BCB /* PickViewBodyModel.m */; };
		54E461921C3A8BDB00492BCB /* TopDetailViewController.m in Sources */ = {isa = PBXBuildFile; fileRef = 54E461901C3A8BDB00492BCB /* TopDetailViewController.m */; };
		54E461931C3A8BDB00492BCB /* TopDetailViewController.xib in Resources */ = {isa = PBXBuildFile; fileRef = 54E461911C3A8BDB00492BCB /* TopDetailViewController.xib */; };
		54E461981C3A8C8400492BCB /* BodyDetailViewController.m in Sources */ = {isa = PBXBuildFile; fileRef = 54E461961C3A8C8400492BCB /* BodyDetailViewController.m */; };
		54E461991C3A8C8400492BCB /* BodyDetailViewController.xib in Resources */ = {isa = PBXBuildFile; fileRef = 54E461971C3A8C8400492BCB /* BodyDetailViewController.xib */; };
/* End PBXBuildFile section */

/* Begin PBXContainerItemProxy section */
		54137D851C351A2200969555 /* PBXContainerItemProxy */ = {
			isa = PBXContainerItemProxy;
			containerPortal = 54137D631C351A2200969555 /* Project object */;
			proxyType = 1;
			remoteGlobalIDString = 54137D6A1C351A2200969555;
			remoteInfo = redfashion;
		};
		54137D901C351A2200969555 /* PBXContainerItemProxy */ = {
			isa = PBXContainerItemProxy;
			containerPortal = 54137D631C351A2200969555 /* Project object */;
			proxyType = 1;
			remoteGlobalIDString = 54137D6A1C351A2200969555;
			remoteInfo = redfashion;
		};
/* End PBXContainerItemProxy section */

/* Begin PBXFileReference section */
		54137D6B1C351A2200969555 /* redfashion.app */ = {isa = PBXFileReference; explicitFileType = wrapper.application; includeInIndex = 0; path = redfashion.app; sourceTree = BUILT_PRODUCTS_DIR; };
		54137D6F1C351A2200969555 /* main.m */ = {isa = PBXFileReference; lastKnownFileType = sourcecode.c.objc; path = main.m; sourceTree = "<group>"; };
		54137D711C351A2200969555 /* AppDelegate.h */ = {isa = PBXFileReference; lastKnownFileType = sourcecode.c.h; path = AppDelegate.h; sourceTree = "<group>"; };
		54137D721C351A2200969555 /* AppDelegate.m */ = {isa = PBXFileReference; lastKnownFileType = sourcecode.c.objc; path = AppDelegate.m; sourceTree = "<group>"; };
		54137D741C351A2200969555 /* ViewController.h */ = {isa = PBXFileReference; lastKnownFileType = sourcecode.c.h; path = ViewController.h; sourceTree = "<group>"; };
		54137D751C351A2200969555 /* ViewController.m */ = {isa = PBXFileReference; lastKnownFileType = sourcecode.c.objc; path = ViewController.m; sourceTree = "<group>"; };
		54137D781C351A2200969555 /* Base */ = {isa = PBXFileReference; lastKnownFileType = file.storyboard; name = Base; path = Base.lproj/Main.storyboard; sourceTree = "<group>"; };
		54137D7A1C351A2200969555 /* Assets.xcassets */ = {isa = PBXFileReference; lastKnownFileType = folder.assetcatalog; path = Assets.xcassets; sourceTree = "<group>"; };
		54137D7D1C351A2200969555 /* Base */ = {isa = PBXFileReference; lastKnownFileType = file.storyboard; name = Base; path = Base.lproj/LaunchScreen.storyboard; sourceTree = "<group>"; };
		54137D7F1C351A2200969555 /* Info.plist */ = {isa = PBXFileReference; lastKnownFileType = text.plist.xml; path = Info.plist; sourceTree = "<group>"; };
		54137D841C351A2200969555 /* redfashionTests.xctest */ = {isa = PBXFileReference; explicitFileType = wrapper.cfbundle; includeInIndex = 0; path = redfashionTests.xctest; sourceTree = BUILT_PRODUCTS_DIR; };
		54137D881C351A2200969555 /* redfashionTests.m */ = {isa = PBXFileReference; lastKnownFileType = sourcecode.c.objc; path = redfashionTests.m; sourceTree = "<group>"; };
		54137D8A1C351A2200969555 /* Info.plist */ = {isa = PBXFileReference; lastKnownFileType = text.plist.xml; path = Info.plist; sourceTree = "<group>"; };
		54137D8F1C351A2200969555 /* redfashionUITests.xctest */ = {isa = PBXFileReference; explicitFileType = wrapper.cfbundle; includeInIndex = 0; path = redfashionUITests.xctest; sourceTree = BUILT_PRODUCTS_DIR; };
		54137D931C351A2200969555 /* redfashionUITests.m */ = {isa = PBXFileReference; lastKnownFileType = sourcecode.c.objc; path = redfashionUITests.m; sourceTree = "<group>"; };
		54137D951C351A2200969555 /* Info.plist */ = {isa = PBXFileReference; lastKnownFileType = text.plist.xml; path = Info.plist; sourceTree = "<group>"; };
		54B6EFD41C3BBD4B0018E9E9 /* ClassModel.h */ = {isa = PBXFileReference; fileEncoding = 4; lastKnownFileType = sourcecode.c.h; path = ClassModel.h; sourceTree = "<group>"; };
		54B6EFD51C3BBD4B0018E9E9 /* ClassModel.m */ = {isa = PBXFileReference; fileEncoding = 4; lastKnownFileType = sourcecode.c.objc; path = ClassModel.m; sourceTree = "<group>"; };
		54B6EFD71C3BD52D0018E9E9 /* ClassCollectionViewCell.h */ = {isa = PBXFileReference; fileEncoding = 4; lastKnownFileType = sourcecode.c.h; path = ClassCollectionViewCell.h; sourceTree = "<group>"; };
		54B6EFD81C3BD52D0018E9E9 /* ClassCollectionViewCell.m */ = {isa = PBXFileReference; fileEncoding = 4; lastKnownFileType = sourcecode.c.objc; path = ClassCollectionViewCell.m; sourceTree = "<group>"; };
		54B6EFD91C3BD52D0018E9E9 /* ClassCollectionViewCell.xib */ = {isa = PBXFileReference; fileEncoding = 4; lastKnownFileType = file.xib; path = ClassCollectionViewCell.xib; sourceTree = "<group>"; };
		54B6EFDC1C3BE1150018E9E9 /* LoginViewController.h */ = {isa = PBXFileReference; fileEncoding = 4; lastKnownFileType = sourcecode.c.h; path = LoginViewController.h; sourceTree = "<group>"; };
		54B6EFDD1C3BE1150018E9E9 /* LoginViewController.m */ = {isa = PBXFileReference; fileEncoding = 4; lastKnownFileType = sourcecode.c.objc; path = LoginViewController.m; sourceTree = "<group>"; };
		54B6EFDE1C3BE1150018E9E9 /* LoginViewController.xib */ = {isa = PBXFileReference; fileEncoding = 4; lastKnownFileType = file.xib; path = LoginViewController.xib; sourceTree = "<group>"; };
		54B6EFE31C3BED200018E9E9 /* MJRefreshAutoFooter.h */ = {isa = PBXFileReference; fileEncoding = 4; lastKnownFileType = sourcecode.c.h; path = MJRefreshAutoFooter.h; sourceTree = "<group>"; };
		54B6EFE41C3BED200018E9E9 /* MJRefreshAutoFooter.m */ = {isa = PBXFileReference; fileEncoding = 4; lastKnownFileType = sourcecode.c.objc; path = MJRefreshAutoFooter.m; sourceTree = "<group>"; };
		54B6EFE51C3BED200018E9E9 /* MJRefreshBackFooter.h */ = {isa = PBXFileReference; fileEncoding = 4; lastKnownFileType = sourcecode.c.h; path = MJRefreshBackFooter.h; sourceTree = "<group>"; };
		54B6EFE61C3BED200018E9E9 /* MJRefreshBackFooter.m */ = {isa = PBXFileReference; fileEncoding = 4; lastKnownFileType = sourcecode.c.objc; path = MJRefreshBackFooter.m; sourceTree = "<group>"; };
		54B6EFE71C3BED200018E9E9 /* MJRefreshComponent.h */ = {isa = PBXFileReference; fileEncoding = 4; lastKnownFileType = sourcecode.c.h; path = MJRefreshComponent.h; sourceTree = "<group>"; };
		54B6EFE81C3BED200018E9E9 /* MJRefreshComponent.m */ = {isa = PBXFileReference; fileEncoding = 4; lastKnownFileType = sourcecode.c.objc; path = MJRefreshComponent.m; sourceTree = "<group>"; };
		54B6EFE91C3BED200018E9E9 /* MJRefreshFooter.h */ = {isa = PBXFileReference; fileEncoding = 4; lastKnownFileType = sourcecode.c.h; path = MJRefreshFooter.h; sourceTree = "<group>"; };
		54B6EFEA1C3BED200018E9E9 /* MJRefreshFooter.m */ = {isa = PBXFileReference; fileEncoding = 4; lastKnownFileType = sourcecode.c.objc; path = MJRefreshFooter.m; sourceTree = "<group>"; };
		54B6EFEB1C3BED200018E9E9 /* MJRefreshHeader.h */ = {isa = PBXFileReference; fileEncoding = 4; lastKnownFileType = sourcecode.c.h; path = MJRefreshHeader.h; sourceTree = "<group>"; };
		54B6EFEC1C3BED200018E9E9 /* MJRefreshHeader.m */ = {isa = PBXFileReference; fileEncoding = 4; lastKnownFileType = sourcecode.c.objc; path = MJRefreshHeader.m; sourceTree = "<group>"; };
		54B6EFF01C3BED200018E9E9 /* MJRefreshAutoGifFooter.h */ = {isa = PBXFileReference; fileEncoding = 4; lastKnownFileType = sourcecode.c.h; path = MJRefreshAutoGifFooter.h; sourceTree = "<group>"; };
		54B6EFF11C3BED200018E9E9 /* MJRefreshAutoGifFooter.m */ = {isa = PBXFileReference; fileEncoding = 4; lastKnownFileType = sourcecode.c.objc; path = MJRefreshAutoGifFooter.m; sourceTree = "<group>"; };
		54B6EFF21C3BED200018E9E9 /* MJRefreshAutoNormalFooter.h */ = {isa = PBXFileReference; fileEncoding = 4; lastKnownFileType = sourcecode.c.h; path = MJRefreshAutoNormalFooter.h; sourceTree = "<group>"; };
		54B6EFF31C3BED200018E9E9 /* MJRefreshAutoNormalFooter.m */ = {isa = PBXFileReference; fileEncoding = 4; lastKnownFileType = sourcecode.c.objc; path = MJRefreshAutoNormalFooter.m; sourceTree = "<group>"; };
		54B6EFF41C3BED200018E9E9 /* MJRefreshAutoStateFooter.h */ = {isa = PBXFileReference; fileEncoding = 4; lastKnownFileType = sourcecode.c.h; path = MJRefreshAutoStateFooter.h; sourceTree = "<group>"; };
		54B6EFF51C3BED200018E9E9 /* MJRefreshAutoStateFooter.m */ = {isa = PBXFileReference; fileEncoding = 4; lastKnownFileType = sourcecode.c.objc; path = MJRefreshAutoStateFooter.m; sourceTree = "<group>"; };
		54B6EFF71C3BED200018E9E9 /* MJRefreshBackGifFooter.h */ = {isa = PBXFileReference; fileEncoding = 4; lastKnownFileType = sourcecode.c.h; path = MJRefreshBackGifFooter.h; sourceTree = "<group>"; };
		54B6EFF81C3BED200018E9E9 /* MJRefreshBackGifFooter.m */ = {isa = PBXFileReference; fileEncoding = 4; lastKnownFileType = sourcecode.c.objc; path = MJRefreshBackGifFooter.m; sourceTree = "<group>"; };
		54B6EFF91C3BED200018E9E9 /* MJRefreshBackNormalFooter.h */ = {isa = PBXFileReference; fileEncoding = 4; lastKnownFileType = sourcecode.c.h; path = MJRefreshBackNormalFooter.h; sourceTree = "<group>"; };
		54B6EFFA1C3BED200018E9E9 /* MJRefreshBackNormalFooter.m */ = {isa = PBXFileReference; fileEncoding = 4; lastKnownFileType = sourcecode.c.objc; path = MJRefreshBackNormalFooter.m; sourceTree = "<group>"; };
		54B6EFFB1C3BED200018E9E9 /* MJRefreshBackStateFooter.h */ = {isa = PBXFileReference; fileEncoding = 4; lastKnownFileType = sourcecode.c.h; path = MJRefreshBackStateFooter.h; sourceTree = "<group>"; };
		54B6EFFC1C3BED200018E9E9 /* MJRefreshBackStateFooter.m */ = {isa = PBXFileReference; fileEncoding = 4; lastKnownFileType = sourcecode.c.objc; path = MJRefreshBackStateFooter.m; sourceTree = "<group>"; };
		54B6EFFE1C3BED200018E9E9 /* MJRefreshGifHeader.h */ = {isa = PBXFileReference; fileEncoding = 4; lastKnownFileType = sourcecode.c.h; path = MJRefreshGifHeader.h; sourceTree = "<group>"; };
		54B6EFFF1C3BED200018E9E9 /* MJRefreshGifHeader.m */ = {isa = PBXFileReference; fileEncoding = 4; lastKnownFileType = sourcecode.c.objc; path = MJRefreshGifHeader.m; sourceTree = "<group>"; };
		54B6F0001C3BED200018E9E9 /* MJRefreshNormalHeader.h */ = {isa = PBXFileReference; fileEncoding = 4; lastKnownFileType = sourcecode.c.h; path = MJRefreshNormalHeader.h; sourceTree = "<group>"; };
		54B6F0011C3BED200018E9E9 /* MJRefreshNormalHeader.m */ = {isa = PBXFileReference; fileEncoding = 4; lastKnownFileType = sourcecode.c.objc; path = MJRefreshNormalHeader.m; sourceTree = "<group>"; };
		54B6F0021C3BED200018E9E9 /* MJRefreshStateHeader.h */ = {isa = PBXFileReference; fileEncoding = 4; lastKnownFileType = sourcecode.c.h; path = MJRefreshStateHeader.h; sourceTree = "<group>"; };
		54B6F0031C3BED200018E9E9 /* MJRefreshStateHeader.m */ = {isa = PBXFileReference; fileEncoding = 4; lastKnownFileType = sourcecode.c.objc; path = MJRefreshStateHeader.m; sourceTree = "<group>"; };
		54B6F0041C3BED200018E9E9 /* MJRefresh.bundle */ = {isa = PBXFileReference; lastKnownFileType = "wrapper.plug-in"; path = MJRefresh.bundle; sourceTree = "<group>"; };
		54B6F0051C3BED200018E9E9 /* MJRefresh.h */ = {isa = PBXFileReference; fileEncoding = 4; lastKnownFileType = sourcecode.c.h; path = MJRefresh.h; sourceTree = "<group>"; };
		54B6F0061C3BED200018E9E9 /* MJRefreshConst.h */ = {isa = PBXFileReference; fileEncoding = 4; lastKnownFileType = sourcecode.c.h; path = MJRefreshConst.h; sourceTree = "<group>"; };
		54B6F0071C3BED200018E9E9 /* MJRefreshConst.m */ = {isa = PBXFileReference; fileEncoding = 4; lastKnownFileType = sourcecode.c.objc; path = MJRefreshConst.m; sourceTree = "<group>"; };
		54B6F0081C3BED200018E9E9 /* UIScrollView+MJExtension.h */ = {isa = PBXFileReference; fileEncoding = 4; lastKnownFileType = sourcecode.c.h; path = "UIScrollView+MJExtension.h"; sourceTree = "<group>"; };
		54B6F0091C3BED200018E9E9 /* UIScrollView+MJExtension.m */ = {isa = PBXFileReference; fileEncoding = 4; lastKnownFileType = sourcecode.c.objc; path = "UIScrollView+MJExtension.m"; sourceTree = "<group>"; };
		54B6F00A1C3BED200018E9E9 /* UIScrollView+MJRefresh.h */ = {isa = PBXFileReference; fileEncoding = 4; lastKnownFileType = sourcecode.c.h; path = "UIScrollView+MJRefresh.h"; sourceTree = "<group>"; };
		54B6F00B1C3BED200018E9E9 /* UIScrollView+MJRefresh.m */ = {isa = PBXFileReference; fileEncoding = 4; lastKnownFileType = sourcecode.c.objc; path = "UIScrollView+MJRefresh.m"; sourceTree = "<group>"; };
		54B6F00C1C3BED200018E9E9 /* UIView+MJExtension.h */ = {isa = PBXFileReference; fileEncoding = 4; lastKnownFileType = sourcecode.c.h; path = "UIView+MJExtension.h"; sourceTree = "<group>"; };
		54B6F00D1C3BED200018E9E9 /* UIView+MJExtension.m */ = {isa = PBXFileReference; fileEncoding = 4; lastKnownFileType = sourcecode.c.objc; path = "UIView+MJExtension.m"; sourceTree = "<group>"; };
		54CDBEB51C37FE47009CAA0F /* RootTabBarController.h */ = {isa = PBXFileReference; fileEncoding = 4; lastKnownFileType = sourcecode.c.h; path = RootTabBarController.h; sourceTree = "<group>"; };
		54CDBEB61C37FE47009CAA0F /* RootTabBarController.m */ = {isa = PBXFileReference; fileEncoding = 4; lastKnownFileType = sourcecode.c.objc; path = RootTabBarController.m; sourceTree = "<group>"; };
		54CDBEBA1C37FFD3009CAA0F /* BaseViewController.h */ = {isa = PBXFileReference; fileEncoding = 4; lastKnownFileType = sourcecode.c.h; path = BaseViewController.h; sourceTree = "<group>"; };
		54CDBEBB1C37FFD3009CAA0F /* BaseViewController.m */ = {isa = PBXFileReference; fileEncoding = 4; lastKnownFileType = sourcecode.c.objc; path = BaseViewController.m; sourceTree = "<group>"; };
		54CDBEBC1C37FFD3009CAA0F /* BaseViewController.xib */ = {isa = PBXFileReference; fileEncoding = 4; lastKnownFileType = file.xib; path = BaseViewController.xib; sourceTree = "<group>"; };
		54CDBEC01C380003009CAA0F /* PickViewController.h */ = {isa = PBXFileReference; fileEncoding = 4; lastKnownFileType = sourcecode.c.h; path = PickViewController.h; sourceTree = "<group>"; };
		54CDBEC11C380003009CAA0F /* PickViewController.m */ = {isa = PBXFileReference; fileEncoding = 4; lastKnownFileType = sourcecode.c.objc; path = PickViewController.m; sourceTree = "<group>"; };
		54CDBEC21C380003009CAA0F /* PickViewController.xib */ = {isa = PBXFileReference; fileEncoding = 4; lastKnownFileType = file.xib; path = PickViewController.xib; sourceTree = "<group>"; };
		54CDBEC81C382AA1009CAA0F /* ClassificationViewController.h */ = {isa = PBXFileReference; fileEncoding = 4; lastKnownFileType = sourcecode.c.h; path = ClassificationViewController.h; sourceTree = "<group>"; };
		54CDBEC91C382AA1009CAA0F /* ClassificationViewController.m */ = {isa = PBXFileReference; fileEncoding = 4; lastKnownFileType = sourcecode.c.objc; path = ClassificationViewController.m; sourceTree = "<group>"; };
		54CDBECA1C382AA1009CAA0F /* ClassificationViewController.xib */ = {isa = PBXFileReference; fileEncoding = 4; lastKnownFileType = file.xib; path = ClassificationViewController.xib; sourceTree = "<group>"; };
		54CDBECD1C382AB4009CAA0F /* FashionViewController.h */ = {isa = PBXFileReference; fileEncoding = 4; lastKnownFileType = sourcecode.c.h; path = FashionViewController.h; sourceTree = "<group>"; };
		54CDBECE1C382AB4009CAA0F /* FashionViewController.m */ = {isa = PBXFileReference; fileEncoding = 4; lastKnownFileType = sourcecode.c.objc; path = FashionViewController.m; sourceTree = "<group>"; };
		54CDBECF1C382AB4009CAA0F /* FashionViewController.xib */ = {isa = PBXFileReference; fileEncoding = 4; lastKnownFileType = file.xib; path = FashionViewController.xib; sourceTree = "<group>"; };
		54CDBED21C382ABF009CAA0F /* MyViewController.h */ = {isa = PBXFileReference; fileEncoding = 4; lastKnownFileType = sourcecode.c.h; path = MyViewController.h; sourceTree = "<group>"; };
		54CDBED31C382ABF009CAA0F /* MyViewController.m */ = {isa = PBXFileReference; fileEncoding = 4; lastKnownFileType = sourcecode.c.objc; path = MyViewController.m; sourceTree = "<group>"; };
		54CDBED41C382ABF009CAA0F /* MyViewController.xib */ = {isa = PBXFileReference; fileEncoding = 4; lastKnownFileType = file.xib; path = MyViewController.xib; sourceTree = "<group>"; };
		54CDBF051C38DF65009CAA0F /* AFHTTPSessionManager.h */ = {isa = PBXFileReference; fileEncoding = 4; lastKnownFileType = sourcecode.c.h; path = AFHTTPSessionManager.h; sourceTree = "<group>"; };
		54CDBF061C38DF65009CAA0F /* AFHTTPSessionManager.m */ = {isa = PBXFileReference; fileEncoding = 4; lastKnownFileType = sourcecode.c.objc; path = AFHTTPSessionManager.m; sourceTree = "<group>"; };
		54CDBF071C38DF65009CAA0F /* AFNetworking.h */ = {isa = PBXFileReference; fileEncoding = 4; lastKnownFileType = sourcecode.c.h; path = AFNetworking.h; sourceTree = "<group>"; };
		54CDBF081C38DF65009CAA0F /* AFNetworkReachabilityManager.h */ = {isa = PBXFileReference; fileEncoding = 4; lastKnownFileType = sourcecode.c.h; path = AFNetworkReachabilityManager.h; sourceTree = "<group>"; };
		54CDBF091C38DF65009CAA0F /* AFNetworkReachabilityManager.m */ = {isa = PBXFileReference; fileEncoding = 4; lastKnownFileType = sourcecode.c.objc; path = AFNetworkReachabilityManager.m; sourceTree = "<group>"; };
		54CDBF0A1C38DF65009CAA0F /* AFSecurityPolicy.h */ = {isa = PBXFileReference; fileEncoding = 4; lastKnownFileType = sourcecode.c.h; path = AFSecurityPolicy.h; sourceTree = "<group>"; };
		54CDBF0B1C38DF65009CAA0F /* AFSecurityPolicy.m */ = {isa = PBXFileReference; fileEncoding = 4; lastKnownFileType = sourcecode.c.objc; path = AFSecurityPolicy.m; sourceTree = "<group>"; };
		54CDBF0C1C38DF65009CAA0F /* AFURLRequestSerialization.h */ = {isa = PBXFileReference; fileEncoding = 4; lastKnownFileType = sourcecode.c.h; path = AFURLRequestSerialization.h; sourceTree = "<group>"; };
		54CDBF0D1C38DF65009CAA0F /* AFURLRequestSerialization.m */ = {isa = PBXFileReference; fileEncoding = 4; lastKnownFileType = sourcecode.c.objc; path = AFURLRequestSerialization.m; sourceTree = "<group>"; };
		54CDBF0E1C38DF65009CAA0F /* AFURLResponseSerialization.h */ = {isa = PBXFileReference; fileEncoding = 4; lastKnownFileType = sourcecode.c.h; path = AFURLResponseSerialization.h; sourceTree = "<group>"; };
		54CDBF0F1C38DF65009CAA0F /* AFURLResponseSerialization.m */ = {isa = PBXFileReference; fileEncoding = 4; lastKnownFileType = sourcecode.c.objc; path = AFURLResponseSerialization.m; sourceTree = "<group>"; };
		54CDBF101C38DF65009CAA0F /* AFURLSessionManager.h */ = {isa = PBXFileReference; fileEncoding = 4; lastKnownFileType = sourcecode.c.h; path = AFURLSessionManager.h; sourceTree = "<group>"; };
		54CDBF111C38DF65009CAA0F /* AFURLSessionManager.m */ = {isa = PBXFileReference; fileEncoding = 4; lastKnownFileType = sourcecode.c.objc; path = AFURLSessionManager.m; sourceTree = "<group>"; };
		54CDBF191C38DF97009CAA0F /* MKAnnotationView+WebCache.h */ = {isa = PBXFileReference; fileEncoding = 4; lastKnownFileType = sourcecode.c.h; path = "MKAnnotationView+WebCache.h"; sourceTree = "<group>"; };
		54CDBF1A1C38DF97009CAA0F /* MKAnnotationView+WebCache.m */ = {isa = PBXFileReference; fileEncoding = 4; lastKnownFileType = sourcecode.c.objc; path = "MKAnnotationView+WebCache.m"; sourceTree = "<group>"; };
		54CDBF1B1C38DF97009CAA0F /* NSData+ImageContentType.h */ = {isa = PBXFileReference; fileEncoding = 4; lastKnownFileType = sourcecode.c.h; path = "NSData+ImageContentType.h"; sourceTree = "<group>"; };
		54CDBF1C1C38DF97009CAA0F /* NSData+ImageContentType.m */ = {isa = PBXFileReference; fileEncoding = 4; lastKnownFileType = sourcecode.c.objc; path = "NSData+ImageContentType.m"; sourceTree = "<group>"; };
		54CDBF1D1C38DF97009CAA0F /* SDImageCache.h */ = {isa = PBXFileReference; fileEncoding = 4; lastKnownFileType = sourcecode.c.h; path = SDImageCache.h; sourceTree = "<group>"; };
		54CDBF1E1C38DF97009CAA0F /* SDImageCache.m */ = {isa = PBXFileReference; fileEncoding = 4; lastKnownFileType = sourcecode.c.objc; path = SDImageCache.m; sourceTree = "<group>"; };
		54CDBF1F1C38DF97009CAA0F /* SDWebImageCompat.h */ = {isa = PBXFileReference; fileEncoding = 4; lastKnownFileType = sourcecode.c.h; path = SDWebImageCompat.h; sourceTree = "<group>"; };
		54CDBF201C38DF97009CAA0F /* SDWebImageCompat.m */ = {isa = PBXFileReference; fileEncoding = 4; lastKnownFileType = sourcecode.c.objc; path = SDWebImageCompat.m; sourceTree = "<group>"; };
		54CDBF211C38DF97009CAA0F /* SDWebImageDecoder.h */ = {isa = PBXFileReference; fileEncoding = 4; lastKnownFileType = sourcecode.c.h; path = SDWebImageDecoder.h; sourceTree = "<group>"; };
		54CDBF221C38DF97009CAA0F /* SDWebImageDecoder.m */ = {isa = PBXFileReference; fileEncoding = 4; lastKnownFileType = sourcecode.c.objc; path = SDWebImageDecoder.m; sourceTree = "<group>"; };
		54CDBF231C38DF97009CAA0F /* SDWebImageDownloader.h */ = {isa = PBXFileReference; fileEncoding = 4; lastKnownFileType = sourcecode.c.h; path = SDWebImageDownloader.h; sourceTree = "<group>"; };
		54CDBF241C38DF97009CAA0F /* SDWebImageDownloader.m */ = {isa = PBXFileReference; fileEncoding = 4; lastKnownFileType = sourcecode.c.objc; path = SDWebImageDownloader.m; sourceTree = "<group>"; };
		54CDBF251C38DF97009CAA0F /* SDWebImageDownloaderOperation.h */ = {isa = PBXFileReference; fileEncoding = 4; lastKnownFileType = sourcecode.c.h; path = SDWebImageDownloaderOperation.h; sourceTree = "<group>"; };
		54CDBF261C38DF97009CAA0F /* SDWebImageDownloaderOperation.m */ = {isa = PBXFileReference; fileEncoding = 4; lastKnownFileType = sourcecode.c.objc; path = SDWebImageDownloaderOperation.m; sourceTree = "<group>"; };
		54CDBF271C38DF97009CAA0F /* SDWebImageManager.h */ = {isa = PBXFileReference; fileEncoding = 4; lastKnownFileType = sourcecode.c.h; path = SDWebImageManager.h; sourceTree = "<group>"; };
		54CDBF281C38DF97009CAA0F /* SDWebImageManager.m */ = {isa = PBXFileReference; fileEncoding = 4; lastKnownFileType = sourcecode.c.objc; path = SDWebImageManager.m; sourceTree = "<group>"; };
		54CDBF291C38DF97009CAA0F /* SDWebImageOperation.h */ = {isa = PBXFileReference; fileEncoding = 4; lastKnownFileType = sourcecode.c.h; path = SDWebImageOperation.h; sourceTree = "<group>"; };
		54CDBF2A1C38DF97009CAA0F /* SDWebImagePrefetcher.h */ = {isa = PBXFileReference; fileEncoding = 4; lastKnownFileType = sourcecode.c.h; path = SDWebImagePrefetcher.h; sourceTree = "<group>"; };
		54CDBF2B1C38DF97009CAA0F /* SDWebImagePrefetcher.m */ = {isa = PBXFileReference; fileEncoding = 4; lastKnownFileType = sourcecode.c.objc; path = SDWebImagePrefetcher.m; sourceTree = "<group>"; };
		54CDBF2C1C38DF97009CAA0F /* UIButton+WebCache.h */ = {isa = PBXFileReference; fileEncoding = 4; lastKnownFileType = sourcecode.c.h; path = "UIButton+WebCache.h"; sourceTree = "<group>"; };
		54CDBF2D1C38DF97009CAA0F /* UIButton+WebCache.m */ = {isa = PBXFileReference; fileEncoding = 4; lastKnownFileType = sourcecode.c.objc; path = "UIButton+WebCache.m"; sourceTree = "<group>"; };
		54CDBF2E1C38DF97009CAA0F /* UIImage+GIF.h */ = {isa = PBXFileReference; fileEncoding = 4; lastKnownFileType = sourcecode.c.h; path = "UIImage+GIF.h"; sourceTree = "<group>"; };
		54CDBF2F1C38DF97009CAA0F /* UIImage+GIF.m */ = {isa = PBXFileReference; fileEncoding = 4; lastKnownFileType = sourcecode.c.objc; path = "UIImage+GIF.m"; sourceTree = "<group>"; };
		54CDBF301C38DF97009CAA0F /* UIImage+MultiFormat.h */ = {isa = PBXFileReference; fileEncoding = 4; lastKnownFileType = sourcecode.c.h; path = "UIImage+MultiFormat.h"; sourceTree = "<group>"; };
		54CDBF311C38DF97009CAA0F /* UIImage+MultiFormat.m */ = {isa = PBXFileReference; fileEncoding = 4; lastKnownFileType = sourcecode.c.objc; path = "UIImage+MultiFormat.m"; sourceTree = "<group>"; };
		54CDBF321C38DF97009CAA0F /* UIImage+WebP.h */ = {isa = PBXFileReference; fileEncoding = 4; lastKnownFileType = sourcecode.c.h; path = "UIImage+WebP.h"; sourceTree = "<group>"; };
		54CDBF331C38DF97009CAA0F /* UIImage+WebP.m */ = {isa = PBXFileReference; fileEncoding = 4; lastKnownFileType = sourcecode.c.objc; path = "UIImage+WebP.m"; sourceTree = "<group>"; };
		54CDBF341C38DF97009CAA0F /* UIImageView+HighlightedWebCache.h */ = {isa = PBXFileReference; fileEncoding = 4; lastKnownFileType = sourcecode.c.h; path = "UIImageView+HighlightedWebCache.h"; sourceTree = "<group>"; };
		54CDBF351C38DF97009CAA0F /* UIImageView+HighlightedWebCache.m */ = {isa = PBXFileReference; fileEncoding = 4; lastKnownFileType = sourcecode.c.objc; path = "UIImageView+HighlightedWebCache.m"; sourceTree = "<group>"; };
		54CDBF361C38DF97009CAA0F /* UIImageView+WebCache.h */ = {isa = PBXFileReference; fileEncoding = 4; lastKnownFileType = sourcecode.c.h; path = "UIImageView+WebCache.h"; sourceTree = "<group>"; };
		54CDBF371C38DF97009CAA0F /* UIImageView+WebCache.m */ = {isa = PBXFileReference; fileEncoding = 4; lastKnownFileType = sourcecode.c.objc; path = "UIImageView+WebCache.m"; sourceTree = "<group>"; };
		54CDBF381C38DF97009CAA0F /* UIView+WebCacheOperation.h */ = {isa = PBXFileReference; fileEncoding = 4; lastKnownFileType = sourcecode.c.h; path = "UIView+WebCacheOperation.h"; sourceTree = "<group>"; };
		54CDBF391C38DF97009CAA0F /* UIView+WebCacheOperation.m */ = {isa = PBXFileReference; fileEncoding = 4; lastKnownFileType = sourcecode.c.objc; path = "UIView+WebCacheOperation.m"; sourceTree = "<group>"; };
		54CDBF4B1C38F67B009CAA0F /* BaseModel.h */ = {isa = PBXFileReference; fileEncoding = 4; lastKnownFileType = sourcecode.c.h; path = BaseModel.h; sourceTree = "<group>"; };
		54CDBF4C1C38F67B009CAA0F /* BaseModel.m */ = {isa = PBXFileReference; fileEncoding = 4; lastKnownFileType = sourcecode.c.objc; path = BaseModel.m; sourceTree = "<group>"; };
		54CDBF4F1C38F723009CAA0F /* PickViewHeadModel.h */ = {isa = PBXFileReference; fileEncoding = 4; lastKnownFileType = sourcecode.c.h; path = PickViewHeadModel.h; sourceTree = "<group>"; };
		54CDBF501C38F723009CAA0F /* PickViewHeadModel.m */ = {isa = PBXFileReference; fileEncoding = 4; lastKnownFileType = sourcecode.c.objc; path = PickViewHeadModel.m; sourceTree = "<group>"; };
		54CDBF521C38F7B2009CAA0F /* API.h */ = {isa = PBXFileReference; fileEncoding = 4; lastKnownFileType = sourcecode.c.h; path = API.h; sourceTree = "<group>"; };
		54E314141C3B636A003AAD23 /* FashionModel.h */ = {isa = PBXFileReference; fileEncoding = 4; lastKnownFileType = sourcecode.c.h; path = FashionModel.h; sourceTree = "<group>"; };
		54E314151C3B636A003AAD23 /* FashionModel.m */ = {isa = PBXFileReference; fileEncoding = 4; lastKnownFileType = sourcecode.c.objc; path = FashionModel.m; sourceTree = "<group>"; };
		54E314181C3B6A8E003AAD23 /* FashionTableViewCell.h */ = {isa = PBXFileReference; fileEncoding = 4; lastKnownFileType = sourcecode.c.h; path = FashionTableViewCell.h; sourceTree = "<group>"; };
		54E314191C3B6A8E003AAD23 /* FashionTableViewCell.m */ = {isa = PBXFileReference; fileEncoding = 4; lastKnownFileType = sourcecode.c.objc; path = FashionTableViewCell.m; sourceTree = "<group>"; };
		54E3141A1C3B6A8E003AAD23 /* FashionTableViewCell.xib */ = {isa = PBXFileReference; fileEncoding = 4; lastKnownFileType = file.xib; path = FashionTableViewCell.xib; sourceTree = "<group>"; };
		54E461861C3A180100492BCB /* PickViewTableViewCell.h */ = {isa = PBXFileReference; fileEncoding = 4; lastKnownFileType = sourcecode.c.h; path = PickViewTableViewCell.h; sourceTree = "<group>"; };
		54E461871C3A180100492BCB /* PickViewTableViewCell.m */ = {isa = PBXFileReference; fileEncoding = 4; lastKnownFileType = sourcecode.c.objc; path = PickViewTableViewCell.m; sourceTree = "<group>"; };
		54E461881C3A180100492BCB /* PickViewTableViewCell.xib */ = {isa = PBXFileReference; fileEncoding = 4; lastKnownFileType = file.xib; path = PickViewTableViewCell.xib; sourceTree = "<group>"; };
		54E4618B1C3A23AF00492BCB /* PickViewBodyModel.h */ = {isa = PBXFileReference; fileEncoding = 4; lastKnownFileType = sourcecode.c.h; path = PickViewBodyModel.h; sourceTree = "<group>"; };
		54E4618C1C3A23AF00492BCB /* PickViewBodyModel.m */ = {isa = PBXFileReference; fileEncoding = 4; lastKnownFileType = sourcecode.c.objc; path = PickViewBodyModel.m; sourceTree = "<group>"; };
		54E4618F1C3A8BDB00492BCB /* TopDetailViewController.h */ = {isa = PBXFileReference; fileEncoding = 4; lastKnownFileType = sourcecode.c.h; path = TopDetailViewController.h; sourceTree = "<group>"; };
		54E461901C3A8BDB00492BCB /* TopDetailViewController.m */ = {isa = PBXFileReference; fileEncoding = 4; lastKnownFileType = sourcecode.c.objc; path = TopDetailViewController.m; sourceTree = "<group>"; };
		54E461911C3A8BDB00492BCB /* TopDetailViewController.xib */ = {isa = PBXFileReference; fileEncoding = 4; lastKnownFileType = file.xib; path = TopDetailViewController.xib; sourceTree = "<group>"; };
		54E461951C3A8C8400492BCB /* BodyDetailViewController.h */ = {isa = PBXFileReference; fileEncoding = 4; lastKnownFileType = sourcecode.c.h; path = BodyDetailViewController.h; sourceTree = "<group>"; };
		54E461961C3A8C8400492BCB /* BodyDetailViewController.m */ = {isa = PBXFileReference; fileEncoding = 4; lastKnownFileType = sourcecode.c.objc; path = BodyDetailViewController.m; sourceTree = "<group>"; };
		54E461971C3A8C8400492BCB /* BodyDetailViewController.xib */ = {isa = PBXFileReference; fileEncoding = 4; lastKnownFileType = file.xib; path = BodyDetailViewController.xib; sourceTree = "<group>"; };
/* End PBXFileReference section */

/* Begin PBXFrameworksBuildPhase section */
		54137D681C351A2200969555 /* Frameworks */ = {
			isa = PBXFrameworksBuildPhase;
			buildActionMask = 2147483647;
			files = (
			);
			runOnlyForDeploymentPostprocessing = 0;
		};
		54137D811C351A2200969555 /* Frameworks */ = {
			isa = PBXFrameworksBuildPhase;
			buildActionMask = 2147483647;
			files = (
			);
			runOnlyForDeploymentPostprocessing = 0;
		};
		54137D8C1C351A2200969555 /* Frameworks */ = {
			isa = PBXFrameworksBuildPhase;
			buildActionMask = 2147483647;
			files = (
			);
			runOnlyForDeploymentPostprocessing = 0;
		};
/* End PBXFrameworksBuildPhase section */

/* Begin PBXGroup section */
		54137D621C351A2200969555 = {
			isa = PBXGroup;
			children = (
				54E461851C3A17C100492BCB /* View */,
				54CDBF4A1C38F648009CAA0F /* Model */,
				54CDBED71C38DF1F009CAA0F /* Common */,
				54CDBEB31C37FDF2009CAA0F /* Controller */,
				54137D6D1C351A2200969555 /* redfashion */,
				54137D871C351A2200969555 /* redfashionTests */,
				54137D921C351A2200969555 /* redfashionUITests */,
				54137D6C1C351A2200969555 /* Products */,
			);
			sourceTree = "<group>";
		};
		54137D6C1C351A2200969555 /* Products */ = {
			isa = PBXGroup;
			children = (
				54137D6B1C351A2200969555 /* redfashion.app */,
				54137D841C351A2200969555 /* redfashionTests.xctest */,
				54137D8F1C351A2200969555 /* redfashionUITests.xctest */,
			);
			name = Products;
			sourceTree = "<group>";
		};
		54137D6D1C351A2200969555 /* redfashion */ = {
			isa = PBXGroup;
			children = (
				54137D711C351A2200969555 /* AppDelegate.h */,
				54137D721C351A2200969555 /* AppDelegate.m */,
				54137D741C351A2200969555 /* ViewController.h */,
				54137D751C351A2200969555 /* ViewController.m */,
				54137D771C351A2200969555 /* Main.storyboard */,
				54137D7A1C351A2200969555 /* Assets.xcassets */,
				54137D7C1C351A2200969555 /* LaunchScreen.storyboard */,
				54137D7F1C351A2200969555 /* Info.plist */,
				54137D6E1C351A2200969555 /* Supporting Files */,
			);
			path = redfashion;
			sourceTree = "<group>";
		};
		54137D6E1C351A2200969555 /* Supporting Files */ = {
			isa = PBXGroup;
			children = (
				54137D6F1C351A2200969555 /* main.m */,
			);
			name = "Supporting Files";
			sourceTree = "<group>";
		};
		54137D871C351A2200969555 /* redfashionTests */ = {
			isa = PBXGroup;
			children = (
				54137D881C351A2200969555 /* redfashionTests.m */,
				54137D8A1C351A2200969555 /* Info.plist */,
			);
			path = redfashionTests;
			sourceTree = "<group>";
		};
		54137D921C351A2200969555 /* redfashionUITests */ = {
			isa = PBXGroup;
			children = (
				54137D931C351A2200969555 /* redfashionUITests.m */,
				54137D951C351A2200969555 /* Info.plist */,
			);
			path = redfashionUITests;
			sourceTree = "<group>";
		};
		54B6EFD31C3BBD2B0018E9E9 /* ClassModel */ = {
			isa = PBXGroup;
			children = (
				54B6EFD41C3BBD4B0018E9E9 /* ClassModel.h */,
				54B6EFD51C3BBD4B0018E9E9 /* ClassModel.m */,
			);
			name = ClassModel;
			sourceTree = "<group>";
		};
		54B6EFE11C3BED200018E9E9 /* MJRefresh */ = {
			isa = PBXGroup;
			children = (
				54B6EFE21C3BED200018E9E9 /* Base */,
				54B6EFED1C3BED200018E9E9 /* Custom */,
				54B6F0041C3BED200018E9E9 /* MJRefresh.bundle */,
				54B6F0051C3BED200018E9E9 /* MJRefresh.h */,
				54B6F0061C3BED200018E9E9 /* MJRefreshConst.h */,
				54B6F0071C3BED200018E9E9 /* MJRefreshConst.m */,
				54B6F0081C3BED200018E9E9 /* UIScrollView+MJExtension.h */,
				54B6F0091C3BED200018E9E9 /* UIScrollView+MJExtension.m */,
				54B6F00A1C3BED200018E9E9 /* UIScrollView+MJRefresh.h */,
				54B6F00B1C3BED200018E9E9 /* UIScrollView+MJRefresh.m */,
				54B6F00C1C3BED200018E9E9 /* UIView+MJExtension.h */,
				54B6F00D1C3BED200018E9E9 /* UIView+MJExtension.m */,
			);
			path = MJRefresh;
			sourceTree = "<group>";
		};
		54B6EFE21C3BED200018E9E9 /* Base */ = {
			isa = PBXGroup;
			children = (
				54B6EFE31C3BED200018E9E9 /* MJRefreshAutoFooter.h */,
				54B6EFE41C3BED200018E9E9 /* MJRefreshAutoFooter.m */,
				54B6EFE51C3BED200018E9E9 /* MJRefreshBackFooter.h */,
				54B6EFE61C3BED200018E9E9 /* MJRefreshBackFooter.m */,
				54B6EFE71C3BED200018E9E9 /* MJRefreshComponent.h */,
				54B6EFE81C3BED200018E9E9 /* MJRefreshComponent.m */,
				54B6EFE91C3BED200018E9E9 /* MJRefreshFooter.h */,
				54B6EFEA1C3BED200018E9E9 /* MJRefreshFooter.m */,
				54B6EFEB1C3BED200018E9E9 /* MJRefreshHeader.h */,
				54B6EFEC1C3BED200018E9E9 /* MJRefreshHeader.m */,
			);
			path = Base;
			sourceTree = "<group>";
		};
		54B6EFED1C3BED200018E9E9 /* Custom */ = {
			isa = PBXGroup;
			children = (
				54B6EFEE1C3BED200018E9E9 /* Footer */,
				54B6EFFD1C3BED200018E9E9 /* Header */,
			);
			path = Custom;
			sourceTree = "<group>";
		};
		54B6EFEE1C3BED200018E9E9 /* Footer */ = {
			isa = PBXGroup;
			children = (
				54B6EFEF1C3BED200018E9E9 /* Auto */,
				54B6EFF61C3BED200018E9E9 /* Back */,
			);
			path = Footer;
			sourceTree = "<group>";
		};
		54B6EFEF1C3BED200018E9E9 /* Auto */ = {
			isa = PBXGroup;
			children = (
				54B6EFF01C3BED200018E9E9 /* MJRefreshAutoGifFooter.h */,
				54B6EFF11C3BED200018E9E9 /* MJRefreshAutoGifFooter.m */,
				54B6EFF21C3BED200018E9E9 /* MJRefreshAutoNormalFooter.h */,
				54B6EFF31C3BED200018E9E9 /* MJRefreshAutoNormalFooter.m */,
				54B6EFF41C3BED200018E9E9 /* MJRefreshAutoStateFooter.h */,
				54B6EFF51C3BED200018E9E9 /* MJRefreshAutoStateFooter.m */,
			);
			path = Auto;
			sourceTree = "<group>";
		};
		54B6EFF61C3BED200018E9E9 /* Back */ = {
			isa = PBXGroup;
			children = (
				54B6EFF71C3BED200018E9E9 /* MJRefreshBackGifFooter.h */,
				54B6EFF81C3BED200018E9E9 /* MJRefreshBackGifFooter.m */,
				54B6EFF91C3BED200018E9E9 /* MJRefreshBackNormalFooter.h */,
				54B6EFFA1C3BED200018E9E9 /* MJRefreshBackNormalFooter.m */,
				54B6EFFB1C3BED200018E9E9 /* MJRefreshBackStateFooter.h */,
				54B6EFFC1C3BED200018E9E9 /* MJRefreshBackStateFooter.m */,
			);
			path = Back;
			sourceTree = "<group>";
		};
		54B6EFFD1C3BED200018E9E9 /* Header */ = {
			isa = PBXGroup;
			children = (
				54B6EFFE1C3BED200018E9E9 /* MJRefreshGifHeader.h */,
				54B6EFFF1C3BED200018E9E9 /* MJRefreshGifHeader.m */,
				54B6F0001C3BED200018E9E9 /* MJRefreshNormalHeader.h */,
				54B6F0011C3BED200018E9E9 /* MJRefreshNormalHeader.m */,
				54B6F0021C3BED200018E9E9 /* MJRefreshStateHeader.h */,
				54B6F0031C3BED200018E9E9 /* MJRefreshStateHeader.m */,
			);
			path = Header;
			sourceTree = "<group>";
		};
		54CDBEB31C37FDF2009CAA0F /* Controller */ = {
			isa = PBXGroup;
			children = (
				54CDBEB91C37FF9D009CAA0F /* ViewControllers */,
				54CDBEB41C37FE03009CAA0F /* Tabbarcontroler */,
			);
			name = Controller;
			sourceTree = "<group>";
		};
		54CDBEB41C37FE03009CAA0F /* Tabbarcontroler */ = {
			isa = PBXGroup;
			children = (
				54CDBEB51C37FE47009CAA0F /* RootTabBarController.h */,
				54CDBEB61C37FE47009CAA0F /* RootTabBarController.m */,
			);
			name = Tabbarcontroler;
			sourceTree = "<group>";
		};
		54CDBEB91C37FF9D009CAA0F /* ViewControllers */ = {
			isa = PBXGroup;
			children = (
				54CDBEC71C382A7C009CAA0F /* ClassificationViewcontroller */,
				54CDBEC61C3829C7009CAA0F /* FashionViewController */,
				54CDBEC51C3829AF009CAA0F /* MyViewController */,
				54CDBEBF1C37FFDC009CAA0F /* PickViewController */,
				54CDBEBA1C37FFD3009CAA0F /* BaseViewController.h */,
				54CDBEBB1C37FFD3009CAA0F /* BaseViewController.m */,
				54CDBEBC1C37FFD3009CAA0F /* BaseViewController.xib */,
			);
			name = ViewControllers;
			sourceTree = "<group>";
		};
		54CDBEBF1C37FFDC009CAA0F /* PickViewController */ = {
			isa = PBXGroup;
			children = (
				54E461941C3A8C6800492BCB /* BodyDetail */,
				54E4618E1C3A8B9800492BCB /* TopDetail */,
				54CDBEC01C380003009CAA0F /* PickViewController.h */,
				54CDBEC11C380003009CAA0F /* PickViewController.m */,
				54CDBEC21C380003009CAA0F /* PickViewController.xib */,
			);
			name = PickViewController;
			sourceTree = "<group>";
		};
		54CDBEC51C3829AF009CAA0F /* MyViewController */ = {
			isa = PBXGroup;
			children = (
				54CDBED21C382ABF009CAA0F /* MyViewController.h */,
				54CDBED31C382ABF009CAA0F /* MyViewController.m */,
				54CDBED41C382ABF009CAA0F /* MyViewController.xib */,
				54B6EFDC1C3BE1150018E9E9 /* LoginViewController.h */,
				54B6EFDD1C3BE1150018E9E9 /* LoginViewController.m */,
				54B6EFDE1C3BE1150018E9E9 /* LoginViewController.xib */,
			);
			name = MyViewController;
			sourceTree = "<group>";
		};
		54CDBEC61C3829C7009CAA0F /* FashionViewController */ = {
			isa = PBXGroup;
			children = (
				54CDBECD1C382AB4009CAA0F /* FashionViewController.h */,
				54CDBECE1C382AB4009CAA0F /* FashionViewController.m */,
				54CDBECF1C382AB4009CAA0F /* FashionViewController.xib */,
			);
			name = FashionViewController;
			sourceTree = "<group>";
		};
		54CDBEC71C382A7C009CAA0F /* ClassificationViewcontroller */ = {
			isa = PBXGroup;
			children = (
				54CDBEC81C382AA1009CAA0F /* ClassificationViewController.h */,
				54CDBEC91C382AA1009CAA0F /* ClassificationViewController.m */,
				54CDBECA1C382AA1009CAA0F /* ClassificationViewController.xib */,
			);
			name = ClassificationViewcontroller;
			sourceTree = "<group>";
		};
		54CDBED71C38DF1F009CAA0F /* Common */ = {
			isa = PBXGroup;
			children = (
				54B6EFE11C3BED200018E9E9 /* MJRefresh */,
				54CDBF521C38F7B2009CAA0F /* API.h */,
				54CDBF181C38DF97009CAA0F /* SDWebImage */,
				54CDBF041C38DF65009CAA0F /* AFNetworking */,
			);
			name = Common;
			sourceTree = "<group>";
		};
		54CDBF041C38DF65009CAA0F /* AFNetworking */ = {
			isa = PBXGroup;
			children = (
				54CDBF051C38DF65009CAA0F /* AFHTTPSessionManager.h */,
				54CDBF061C38DF65009CAA0F /* AFHTTPSessionManager.m */,
				54CDBF071C38DF65009CAA0F /* AFNetworking.h */,
				54CDBF081C38DF65009CAA0F /* AFNetworkReachabilityManager.h */,
				54CDBF091C38DF65009CAA0F /* AFNetworkReachabilityManager.m */,
				54CDBF0A1C38DF65009CAA0F /* AFSecurityPolicy.h */,
				54CDBF0B1C38DF65009CAA0F /* AFSecurityPolicy.m */,
				54CDBF0C1C38DF65009CAA0F /* AFURLRequestSerialization.h */,
				54CDBF0D1C38DF65009CAA0F /* AFURLRequestSerialization.m */,
				54CDBF0E1C38DF65009CAA0F /* AFURLResponseSerialization.h */,
				54CDBF0F1C38DF65009CAA0F /* AFURLResponseSerialization.m */,
				54CDBF101C38DF65009CAA0F /* AFURLSessionManager.h */,
				54CDBF111C38DF65009CAA0F /* AFURLSessionManager.m */,
			);
			path = AFNetworking;
			sourceTree = "<group>";
		};
		54CDBF181C38DF97009CAA0F /* SDWebImage */ = {
			isa = PBXGroup;
			children = (
				54CDBF191C38DF97009CAA0F /* MKAnnotationView+WebCache.h */,
				54CDBF1A1C38DF97009CAA0F /* MKAnnotationView+WebCache.m */,
				54CDBF1B1C38DF97009CAA0F /* NSData+ImageContentType.h */,
				54CDBF1C1C38DF97009CAA0F /* NSData+ImageContentType.m */,
				54CDBF1D1C38DF97009CAA0F /* SDImageCache.h */,
				54CDBF1E1C38DF97009CAA0F /* SDImageCache.m */,
				54CDBF1F1C38DF97009CAA0F /* SDWebImageCompat.h */,
				54CDBF201C38DF97009CAA0F /* SDWebImageCompat.m */,
				54CDBF211C38DF97009CAA0F /* SDWebImageDecoder.h */,
				54CDBF221C38DF97009CAA0F /* SDWebImageDecoder.m */,
				54CDBF231C38DF97009CAA0F /* SDWebImageDownloader.h */,
				54CDBF241C38DF97009CAA0F /* SDWebImageDownloader.m */,
				54CDBF251C38DF97009CAA0F /* SDWebImageDownloaderOperation.h */,
				54CDBF261C38DF97009CAA0F /* SDWebImageDownloaderOperation.m */,
				54CDBF271C38DF97009CAA0F /* SDWebImageManager.h */,
				54CDBF281C38DF97009CAA0F /* SDWebImageManager.m */,
				54CDBF291C38DF97009CAA0F /* SDWebImageOperation.h */,
				54CDBF2A1C38DF97009CAA0F /* SDWebImagePrefetcher.h */,
				54CDBF2B1C38DF97009CAA0F /* SDWebImagePrefetcher.m */,
				54CDBF2C1C38DF97009CAA0F /* UIButton+WebCache.h */,
				54CDBF2D1C38DF97009CAA0F /* UIButton+WebCache.m */,
				54CDBF2E1C38DF97009CAA0F /* UIImage+GIF.h */,
				54CDBF2F1C38DF97009CAA0F /* UIImage+GIF.m */,
				54CDBF301C38DF97009CAA0F /* UIImage+MultiFormat.h */,
				54CDBF311C38DF97009CAA0F /* UIImage+MultiFormat.m */,
				54CDBF321C38DF97009CAA0F /* UIImage+WebP.h */,
				54CDBF331C38DF97009CAA0F /* UIImage+WebP.m */,
				54CDBF341C38DF97009CAA0F /* UIImageView+HighlightedWebCache.h */,
				54CDBF351C38DF97009CAA0F /* UIImageView+HighlightedWebCache.m */,
				54CDBF361C38DF97009CAA0F /* UIImageView+WebCache.h */,
				54CDBF371C38DF97009CAA0F /* UIImageView+WebCache.m */,
				54CDBF381C38DF97009CAA0F /* UIView+WebCacheOperation.h */,
				54CDBF391C38DF97009CAA0F /* UIView+WebCacheOperation.m */,
			);
			path = SDWebImage;
			sourceTree = "<group>";
		};
		54CDBF4A1C38F648009CAA0F /* Model */ = {
			isa = PBXGroup;
			children = (
				54B6EFD31C3BBD2B0018E9E9 /* ClassModel */,
				54E314131C3B6334003AAD23 /* FashionDress */,
				54CDBF4E1C38F680009CAA0F /* PickViewModel */,
				54CDBF4B1C38F67B009CAA0F /* BaseModel.h */,
				54CDBF4C1C38F67B009CAA0F /* BaseModel.m */,
			);
			name = Model;
			sourceTree = "<group>";
		};
		54CDBF4E1C38F680009CAA0F /* PickViewModel */ = {
			isa = PBXGroup;
			children = (
				54CDBF4F1C38F723009CAA0F /* PickViewHeadModel.h */,
				54CDBF501C38F723009CAA0F /* PickViewHeadModel.m */,
				54E4618B1C3A23AF00492BCB /* PickViewBodyModel.h */,
				54E4618C1C3A23AF00492BCB /* PickViewBodyModel.m */,
			);
			name = PickViewModel;
			sourceTree = "<group>";
		};
		54E314131C3B6334003AAD23 /* FashionDress */ = {
			isa = PBXGroup;
			children = (
				54E314141C3B636A003AAD23 /* FashionModel.h */,
				54E314151C3B636A003AAD23 /* FashionModel.m */,
			);
			name = FashionDress;
			sourceTree = "<group>";
		};
		54E314171C3B69F1003AAD23 /* FashionViewTableViewCell.h */ = {
			isa = PBXGroup;
			children = (
				54E314181C3B6A8E003AAD23 /* FashionTableViewCell.h */,
				54E314191C3B6A8E003AAD23 /* FashionTableViewCell.m */,
				54E3141A1C3B6A8E003AAD23 /* FashionTableViewCell.xib */,
			);
			name = FashionViewTableViewCell.h;
			sourceTree = "<group>";
		};
		54E461851C3A17C100492BCB /* View */ = {
			isa = PBXGroup;
			children = (
				54E314171C3B69F1003AAD23 /* FashionViewTableViewCell.h */,
				54E461861C3A180100492BCB /* PickViewTableViewCell.h */,
				54E461871C3A180100492BCB /* PickViewTableViewCell.m */,
				54E461881C3A180100492BCB /* PickViewTableViewCell.xib */,
				54B6EFD71C3BD52D0018E9E9 /* ClassCollectionViewCell.h */,
				54B6EFD81C3BD52D0018E9E9 /* ClassCollectionViewCell.m */,
				54B6EFD91C3BD52D0018E9E9 /* ClassCollectionViewCell.xib */,
			);
			name = View;
			sourceTree = "<group>";
		};
		54E4618E1C3A8B9800492BCB /* TopDetail */ = {
			isa = PBXGroup;
			children = (
				54E4618F1C3A8BDB00492BCB /* TopDetailViewController.h */,
				54E461901C3A8BDB00492BCB /* TopDetailViewController.m */,
				54E461911C3A8BDB00492BCB /* TopDetailViewController.xib */,
			);
			name = TopDetail;
			sourceTree = "<group>";
		};
		54E461941C3A8C6800492BCB /* BodyDetail */ = {
			isa = PBXGroup;
			children = (
				54E461951C3A8C8400492BCB /* BodyDetailViewController.h */,
				54E461961C3A8C8400492BCB /* BodyDetailViewController.m */,
				54E461971C3A8C8400492BCB /* BodyDetailViewController.xib */,
			);
			name = BodyDetail;
			sourceTree = "<group>";
		};
/* End PBXGroup section */

/* Begin PBXNativeTarget section */
		54137D6A1C351A2200969555 /* redfashion */ = {
			isa = PBXNativeTarget;
			buildConfigurationList = 54137D981C351A2300969555 /* Build configuration list for PBXNativeTarget "redfashion" */;
			buildPhases = (
				54137D671C351A2200969555 /* Sources */,
				54137D681C351A2200969555 /* Frameworks */,
				54137D691C351A2200969555 /* Resources */,
			);
			buildRules = (
			);
			dependencies = (
			);
			name = redfashion;
			productName = redfashion;
			productReference = 54137D6B1C351A2200969555 /* redfashion.app */;
			productType = "com.apple.product-type.application";
		};
		54137D831C351A2200969555 /* redfashionTests */ = {
			isa = PBXNativeTarget;
			buildConfigurationList = 54137D9B1C351A2300969555 /* Build configuration list for PBXNativeTarget "redfashionTests" */;
			buildPhases = (
				54137D801C351A2200969555 /* Sources */,
				54137D811C351A2200969555 /* Frameworks */,
				54137D821C351A2200969555 /* Resources */,
			);
			buildRules = (
			);
			dependencies = (
				54137D861C351A2200969555 /* PBXTargetDependency */,
			);
			name = redfashionTests;
			productName = redfashionTests;
			productReference = 54137D841C351A2200969555 /* redfashionTests.xctest */;
			productType = "com.apple.product-type.bundle.unit-test";
		};
		54137D8E1C351A2200969555 /* redfashionUITests */ = {
			isa = PBXNativeTarget;
			buildConfigurationList = 54137D9E1C351A2300969555 /* Build configuration list for PBXNativeTarget "redfashionUITests" */;
			buildPhases = (
				54137D8B1C351A2200969555 /* Sources */,
				54137D8C1C351A2200969555 /* Frameworks */,
				54137D8D1C351A2200969555 /* Resources */,
			);
			buildRules = (
			);
			dependencies = (
				54137D911C351A2200969555 /* PBXTargetDependency */,
			);
			name = redfashionUITests;
			productName = redfashionUITests;
			productReference = 54137D8F1C351A2200969555 /* redfashionUITests.xctest */;
			productType = "com.apple.product-type.bundle.ui-testing";
		};
/* End PBXNativeTarget section */

/* Begin PBXProject section */
		54137D631C351A2200969555 /* Project object */ = {
			isa = PBXProject;
			attributes = {
				LastUpgradeCheck = 0720;
				ORGANIZATIONNAME = xue;
				TargetAttributes = {
					54137D6A1C351A2200969555 = {
						CreatedOnToolsVersion = 7.2;
						DevelopmentTeam = 4575NUE242;
					};
					54137D831C351A2200969555 = {
						CreatedOnToolsVersion = 7.2;
						TestTargetID = 54137D6A1C351A2200969555;
					};
					54137D8E1C351A2200969555 = {
						CreatedOnToolsVersion = 7.2;
						TestTargetID = 54137D6A1C351A2200969555;
					};
				};
			};
			buildConfigurationList = 54137D661C351A2200969555 /* Build configuration list for PBXProject "redfashion" */;
			compatibilityVersion = "Xcode 3.2";
			developmentRegion = English;
			hasScannedForEncodings = 0;
			knownRegions = (
				en,
				Base,
			);
			mainGroup = 54137D621C351A2200969555;
			productRefGroup = 54137D6C1C351A2200969555 /* Products */;
			projectDirPath = "";
			projectRoot = "";
			targets = (
				54137D6A1C351A2200969555 /* redfashion */,
				54137D831C351A2200969555 /* redfashionTests */,
				54137D8E1C351A2200969555 /* redfashionUITests */,
			);
		};
/* End PBXProject section */

/* Begin PBXResourcesBuildPhase section */
		54137D691C351A2200969555 /* Resources */ = {
			isa = PBXResourcesBuildPhase;
			buildActionMask = 2147483647;
			files = (
				54CDBED11C382AB4009CAA0F /* FashionViewController.xib in Resources */,
				54E461991C3A8C8400492BCB /* BodyDetailViewController.xib in Resources */,
				54137D7E1C351A2200969555 /* LaunchScreen.storyboard in Resources */,
				54B6EFDB1C3BD52D0018E9E9 /* ClassCollectionViewCell.xib in Resources */,
				54CDBED61C382ABF009CAA0F /* MyViewController.xib in Resources */,
				54E3141C1C3B6A8E003AAD23 /* FashionTableViewCell.xib in Resources */,
				54CDBEBE1C37FFD3009CAA0F /* BaseViewController.xib in Resources */,
				54E4618A1C3A180100492BCB /* PickViewTableViewCell.xib in Resources */,
				54B6F01C1C3BED200018E9E9 /* MJRefresh.bundle in Resources */,
				54CDBECC1C382AA1009CAA0F /* ClassificationViewController.xib in Resources */,
				54CDBEC41C380003009CAA0F /* PickViewController.xib in Resources */,
				54E461931C3A8BDB00492BCB /* TopDetailViewController.xib in Resources */,
				54137D7B1C351A2200969555 /* Assets.xcassets in Resources */,
				54B6EFE01C3BE1150018E9E9 /* LoginViewController.xib in Resources */,
				54137D791C351A2200969555 /* Main.storyboard in Resources */,
			);
			runOnlyForDeploymentPostprocessing = 0;
		};
		54137D821C351A2200969555 /* Resources */ = {
			isa = PBXResourcesBuildPhase;
			buildActionMask = 2147483647;
			files = (
			);
			runOnlyForDeploymentPostprocessing = 0;
		};
		54137D8D1C351A2200969555 /* Resources */ = {
			isa = PBXResourcesBuildPhase;
			buildActionMask = 2147483647;
			files = (
			);
			runOnlyForDeploymentPostprocessing = 0;
		};
/* End PBXResourcesBuildPhase section */

/* Begin PBXSourcesBuildPhase section */
		54137D671C351A2200969555 /* Sources */ = {
			isa = PBXSourcesBuildPhase;
			buildActionMask = 2147483647;
			files = (
				54CDBF441C38DF97009CAA0F /* UIImage+GIF.m in Sources */,
				54B6F0161C3BED200018E9E9 /* MJRefreshBackGifFooter.m in Sources */,
				54B6F0121C3BED200018E9E9 /* MJRefreshHeader.m in Sources */,
				54B6F0111C3BED200018E9E9 /* MJRefreshFooter.m in Sources */,
				54CDBF411C38DF97009CAA0F /* SDWebImageManager.m in Sources */,
				54CDBF481C38DF97009CAA0F /* UIImageView+WebCache.m in Sources */,
				54E461891C3A180100492BCB /* PickViewTableViewCell.m in Sources */,
				54CDBF401C38DF97009CAA0F /* SDWebImageDownloaderOperation.m in Sources */,
				54B6F0131C3BED200018E9E9 /* MJRefreshAutoGifFooter.m in Sources */,
				54B6F01B1C3BED200018E9E9 /* MJRefreshStateHeader.m in Sources */,
				54B6F00E1C3BED200018E9E9 /* MJRefreshAutoFooter.m in Sources */,
				54CDBF171C38DF65009CAA0F /* AFURLSessionManager.m in Sources */,
				54B6EFD61C3BBD4B0018E9E9 /* ClassModel.m in Sources */,
				54CDBF3C1C38DF97009CAA0F /* SDImageCache.m in Sources */,
				54B6F0151C3BED200018E9E9 /* MJRefreshAutoStateFooter.m in Sources */,
				54B6F0141C3BED200018E9E9 /* MJRefreshAutoNormalFooter.m in Sources */,
				54CDBF3A1C38DF97009CAA0F /* MKAnnotationView+WebCache.m in Sources */,
				54CDBECB1C382AA1009CAA0F /* ClassificationViewController.m in Sources */,
				54E461921C3A8BDB00492BCB /* TopDetailViewController.m in Sources */,
				54CDBF451C38DF97009CAA0F /* UIImage+MultiFormat.m in Sources */,
				54CDBED01C382AB4009CAA0F /* FashionViewController.m in Sources */,
				54B6F0181C3BED200018E9E9 /* MJRefreshBackStateFooter.m in Sources */,
				54B6F00F1C3BED200018E9E9 /* MJRefreshBackFooter.m in Sources */,
				54E314161C3B636A003AAD23 /* FashionModel.m in Sources */,
				54137D761C351A2200969555 /* ViewController.m in Sources */,
				54B6F0191C3BED200018E9E9 /* MJRefreshGifHeader.m in Sources */,
				54CDBF491C38DF97009CAA0F /* UIView+WebCacheOperation.m in Sources */,
				54CDBED51C382ABF009CAA0F /* MyViewController.m in Sources */,
				54B6F01E1C3BED200018E9E9 /* UIScrollView+MJExtension.m in Sources */,
				54E3141B1C3B6A8E003AAD23 /* FashionTableViewCell.m in Sources */,
				54CDBF461C38DF97009CAA0F /* UIImage+WebP.m in Sources */,
				54B6F0201C3BED200018E9E9 /* UIView+MJExtension.m in Sources */,
				54CDBF421C38DF97009CAA0F /* SDWebImagePrefetcher.m in Sources */,
				54CDBF511C38F723009CAA0F /* PickViewHeadModel.m in Sources */,
				54CDBF141C38DF65009CAA0F /* AFSecurityPolicy.m in Sources */,
				54CDBEBD1C37FFD3009CAA0F /* BaseViewController.m in Sources */,
				54CDBF151C38DF65009CAA0F /* AFURLRequestSerialization.m in Sources */,
				54CDBF4D1C38F67B009CAA0F /* BaseModel.m in Sources */,
				54E461981C3A8C8400492BCB /* BodyDetailViewController.m in Sources */,
				54CDBF3D1C38DF97009CAA0F /* SDWebImageCompat.m in Sources */,
				54CDBF3B1C38DF97009CAA0F /* NSData+ImageContentType.m in Sources */,
				54CDBF3E1C38DF97009CAA0F /* SDWebImageDecoder.m in Sources */,
				54B6F0171C3BED200018E9E9 /* MJRefreshBackNormalFooter.m in Sources */,
				54B6F01D1C3BED200018E9E9 /* MJRefreshConst.m in Sources */,
				54CDBEB71C37FE47009CAA0F /* RootTabBarController.m in Sources */,
				54B6F0101C3BED200018E9E9 /* MJRefreshComponent.m in Sources */,
				54CDBF471C38DF97009CAA0F /* UIImageView+HighlightedWebCache.m in Sources */,
				54CDBF431C38DF97009CAA0F /* UIButton+WebCache.m in Sources */,
				54B6EFDF1C3BE1150018E9E9 /* LoginViewController.m in Sources */,
				54137D731C351A2200969555 /* AppDelegate.m in Sources */,
				54CDBF121C38DF65009CAA0F /* AFHTTPSessionManager.m in Sources */,
				54E4618D1C3A23AF00492BCB /* PickViewBodyModel.m in Sources */,
				54137D701C351A2200969555 /* main.m in Sources */,
				54CDBF131C38DF65009CAA0F /* AFNetworkReachabilityManager.m in Sources */,
				54CDBF161C38DF65009CAA0F /* AFURLResponseSerialization.m in Sources */,
				54B6F01A1C3BED200018E9E9 /* MJRefreshNormalHeader.m in Sources */,
				54B6F01F1C3BED200018E9E9 /* UIScrollView+MJRefresh.m in Sources */,
				54CDBF3F1C38DF97009CAA0F /* SDWebImageDownloader.m in Sources */,
				54CDBEC31C380003009CAA0F /* PickViewController.m in Sources */,
				54B6EFDA1C3BD52D0018E9E9 /* ClassCollectionViewCell.m in Sources */,
			);
			runOnlyForDeploymentPostprocessing = 0;
		};
		54137D801C351A2200969555 /* Sources */ = {
			isa = PBXSourcesBuildPhase;
			buildActionMask = 2147483647;
			files = (
				54137D891C351A2200969555 /* redfashionTests.m in Sources */,
			);
			runOnlyForDeploymentPostprocessing = 0;
		};
		54137D8B1C351A2200969555 /* Sources */ = {
			isa = PBXSourcesBuildPhase;
			buildActionMask = 2147483647;
			files = (
				54137D941C351A2200969555 /* redfashionUITests.m in Sources */,
			);
			runOnlyForDeploymentPostprocessing = 0;
		};
/* End PBXSourcesBuildPhase section */

/* Begin PBXTargetDependency section */
		54137D861C351A2200969555 /* PBXTargetDependency */ = {
			isa = PBXTargetDependency;
			target = 54137D6A1C351A2200969555 /* redfashion */;
			targetProxy = 54137D851C351A2200969555 /* PBXContainerItemProxy */;
		};
		54137D911C351A2200969555 /* PBXTargetDependency */ = {
			isa = PBXTargetDependency;
			target = 54137D6A1C351A2200969555 /* redfashion */;
			targetProxy = 54137D901C351A2200969555 /* PBXContainerItemProxy */;
		};
/* End PBXTargetDependency section */

/* Begin PBXVariantGroup section */
		54137D771C351A2200969555 /* Main.storyboard */ = {
			isa = PBXVariantGroup;
			children = (
				54137D781C351A2200969555 /* Base */,
			);
			name = Main.storyboard;
			sourceTree = "<group>";
		};
		54137D7C1C351A2200969555 /* LaunchScreen.storyboard */ = {
			isa = PBXVariantGroup;
			children = (
				54137D7D1C351A2200969555 /* Base */,
			);
			name = LaunchScreen.storyboard;
			sourceTree = "<group>";
		};
/* End PBXVariantGroup section */

/* Begin XCBuildConfiguration section */
		54137D961C351A2300969555 /* Debug */ = {
			isa = XCBuildConfiguration;
			buildSettings = {
				ALWAYS_SEARCH_USER_PATHS = NO;
				CLANG_CXX_LANGUAGE_STANDARD = "gnu++0x";
				CLANG_CXX_LIBRARY = "libc++";
				CLANG_ENABLE_MODULES = YES;
				CLANG_ENABLE_OBJC_ARC = YES;
				CLANG_WARN_BOOL_CONVERSION = YES;
				CLANG_WARN_CONSTANT_CONVERSION = YES;
				CLANG_WARN_DIRECT_OBJC_ISA_USAGE = YES_ERROR;
				CLANG_WARN_EMPTY_BODY = YES;
				CLANG_WARN_ENUM_CONVERSION = YES;
				CLANG_WARN_INT_CONVERSION = YES;
				CLANG_WARN_OBJC_ROOT_CLASS = YES_ERROR;
				CLANG_WARN_UNREACHABLE_CODE = YES;
				CLANG_WARN__DUPLICATE_METHOD_MATCH = YES;
				"CODE_SIGN_IDENTITY[sdk=iphoneos*]" = "iPhone Developer";
				COPY_PHASE_STRIP = NO;
				DEBUG_INFORMATION_FORMAT = dwarf;
				ENABLE_STRICT_OBJC_MSGSEND = YES;
				ENABLE_TESTABILITY = YES;
				GCC_C_LANGUAGE_STANDARD = gnu99;
				GCC_DYNAMIC_NO_PIC = NO;
				GCC_NO_COMMON_BLOCKS = YES;
				GCC_OPTIMIZATION_LEVEL = 0;
				GCC_PREPROCESSOR_DEFINITIONS = (
					"DEBUG=1",
					"$(inherited)",
				);
				GCC_WARN_64_TO_32_BIT_CONVERSION = YES;
				GCC_WARN_ABOUT_RETURN_TYPE = YES_ERROR;
				GCC_WARN_UNDECLARED_SELECTOR = YES;
				GCC_WARN_UNINITIALIZED_AUTOS = YES_AGGRESSIVE;
				GCC_WARN_UNUSED_FUNCTION = YES;
				GCC_WARN_UNUSED_VARIABLE = YES;
				IPHONEOS_DEPLOYMENT_TARGET = 9.2;
				MTL_ENABLE_DEBUG_INFO = YES;
				ONLY_ACTIVE_ARCH = YES;
				SDKROOT = iphoneos;
			};
			name = Debug;
		};
		54137D971C351A2300969555 /* Release */ = {
			isa = XCBuildConfiguration;
			buildSettings = {
				ALWAYS_SEARCH_USER_PATHS = NO;
				CLANG_CXX_LANGUAGE_STANDARD = "gnu++0x";
				CLANG_CXX_LIBRARY = "libc++";
				CLANG_ENABLE_MODULES = YES;
				CLANG_ENABLE_OBJC_ARC = YES;
				CLANG_WARN_BOOL_CONVERSION = YES;
				CLANG_WARN_CONSTANT_CONVERSION = YES;
				CLANG_WARN_DIRECT_OBJC_ISA_USAGE = YES_ERROR;
				CLANG_WARN_EMPTY_BODY = YES;
				CLANG_WARN_ENUM_CONVERSION = YES;
				CLANG_WARN_INT_CONVERSION = YES;
				CLANG_WARN_OBJC_ROOT_CLASS = YES_ERROR;
				CLANG_WARN_UNREACHABLE_CODE = YES;
				CLANG_WARN__DUPLICATE_METHOD_MATCH = YES;
				"CODE_SIGN_IDENTITY[sdk=iphoneos*]" = "iPhone Developer";
				COPY_PHASE_STRIP = NO;
				DEBUG_INFORMATION_FORMAT = "dwarf-with-dsym";
				ENABLE_NS_ASSERTIONS = NO;
				ENABLE_STRICT_OBJC_MSGSEND = YES;
				GCC_C_LANGUAGE_STANDARD = gnu99;
				GCC_NO_COMMON_BLOCKS = YES;
				GCC_WARN_64_TO_32_BIT_CONVERSION = YES;
				GCC_WARN_ABOUT_RETURN_TYPE = YES_ERROR;
				GCC_WARN_UNDECLARED_SELECTOR = YES;
				GCC_WARN_UNINITIALIZED_AUTOS = YES_AGGRESSIVE;
				GCC_WARN_UNUSED_FUNCTION = YES;
				GCC_WARN_UNUSED_VARIABLE = YES;
				IPHONEOS_DEPLOYMENT_TARGET = 9.2;
				MTL_ENABLE_DEBUG_INFO = NO;
				SDKROOT = iphoneos;
				VALIDATE_PRODUCT = YES;
			};
			name = Release;
		};
		54137D991C351A2300969555 /* Debug */ = {
			isa = XCBuildConfiguration;
			buildSettings = {
				ASSETCATALOG_COMPILER_APPICON_NAME = AppIcon;
				CODE_SIGN_IDENTITY = "iPhone Developer";
				"CODE_SIGN_IDENTITY[sdk=iphoneos*]" = "iPhone Developer";
				GCC_PREPROCESSOR_DEFINITIONS = (
					"DEBUG=1",
					"$(inherited)",
				);
				INFOPLIST_FILE = redfashion/Info.plist;
				IPHONEOS_DEPLOYMENT_TARGET = 8.2;
				LD_RUNPATH_SEARCH_PATHS = "$(inherited) @executable_path/Frameworks";
				PRODUCT_BUNDLE_IDENTIFIER = com.xue.redfashion;
				PRODUCT_NAME = "$(TARGET_NAME)";
				PROVISIONING_PROFILE = "";
			};
			name = Debug;
		};
		54137D9A1C351A2300969555 /* Release */ = {
			isa = XCBuildConfiguration;
			buildSettings = {
				ASSETCATALOG_COMPILER_APPICON_NAME = AppIcon;
				CODE_SIGN_IDENTITY = "iPhone Developer";
				"CODE_SIGN_IDENTITY[sdk=iphoneos*]" = "iPhone Developer";
				GCC_PREPROCESSOR_DEFINITIONS = "";
				INFOPLIST_FILE = redfashion/Info.plist;
				IPHONEOS_DEPLOYMENT_TARGET = 8.2;
				LD_RUNPATH_SEARCH_PATHS = "$(inherited) @executable_path/Frameworks";
				PRODUCT_BUNDLE_IDENTIFIER = com.xue.redfashion;
				PRODUCT_NAME = "$(TARGET_NAME)";
				PROVISIONING_PROFILE = "";
			};
			name = Release;
		};
		54137D9C1C351A2300969555 /* Debug */ = {
			isa = XCBuildConfiguration;
			buildSettings = {
				BUNDLE_LOADER = "$(TEST_HOST)";
				INFOPLIST_FILE = redfashionTests/Info.plist;
				LD_RUNPATH_SEARCH_PATHS = "$(inherited) @executable_path/Frameworks @loader_path/Frameworks";
				PRODUCT_BUNDLE_IDENTIFIER = com.xue.redfashionTests;
				PRODUCT_NAME = "$(TARGET_NAME)";
				TEST_HOST = "$(BUILT_PRODUCTS_DIR)/redfashion.app/redfashion";
			};
			name = Debug;
		};
		54137D9D1C351A2300969555 /* Release */ = {
			isa = XCBuildConfiguration;
			buildSettings = {
				BUNDLE_LOADER = "$(TEST_HOST)";
				INFOPLIST_FILE = redfashionTests/Info.plist;
				LD_RUNPATH_SEARCH_PATHS = "$(inherited) @executable_path/Frameworks @loader_path/Frameworks";
				PRODUCT_BUNDLE_IDENTIFIER = com.xue.redfashionTests;
				PRODUCT_NAME = "$(TARGET_NAME)";
				TEST_HOST = "$(BUILT_PRODUCTS_DIR)/redfashion.app/redfashion";
			};
			name = Release;
		};
		54137D9F1C351A2300969555 /* Debug */ = {
			isa = XCBuildConfiguration;
			buildSettings = {
				INFOPLIST_FILE = redfashionUITests/Info.plist;
				LD_RUNPATH_SEARCH_PATHS = "$(inherited) @executable_path/Frameworks @loader_path/Frameworks";
				PRODUCT_BUNDLE_IDENTIFIER = com.xue.redfashionUITests;
				PRODUCT_NAME = "$(TARGET_NAME)";
				TEST_TARGET_NAME = redfashion;
				USES_XCTRUNNER = YES;
			};
			name = Debug;
		};
		54137DA01C351A2300969555 /* Release */ = {
			isa = XCBuildConfiguration;
			buildSettings = {
				INFOPLIST_FILE = redfashionUITests/Info.plist;
				LD_RUNPATH_SEARCH_PATHS = "$(inherited) @executable_path/Frameworks @loader_path/Frameworks";
				PRODUCT_BUNDLE_IDENTIFIER = com.xue.redfashionUITests;
				PRODUCT_NAME = "$(TARGET_NAME)";
				TEST_TARGET_NAME = redfashion;
				USES_XCTRUNNER = YES;
			};
			name = Release;
		};
/* End XCBuildConfiguration section */

/* Begin XCConfigurationList section */
		54137D661C351A2200969555 /* Build configuration list for PBXProject "redfashion" */ = {
			isa = XCConfigurationList;
			buildConfigurations = (
				54137D961C351A2300969555 /* Debug */,
				54137D971C351A2300969555 /* Release */,
			);
			defaultConfigurationIsVisible = 0;
			defaultConfigurationName = Release;
		};
		54137D981C351A2300969555 /* Build configuration list for PBXNativeTarget "redfashion" */ = {
			isa = XCConfigurationList;
			buildConfigurations = (
				54137D991C351A2300969555 /* Debug */,
				54137D9A1C351A2300969555 /* Release */,
			);
			defaultConfigurationIsVisible = 0;
			defaultConfigurationName = Release;
		};
		54137D9B1C351A2300969555 /* Build configuration list for PBXNativeTarget "redfashionTests" */ = {
			isa = XCConfigurationList;
			buildConfigurations = (
				54137D9C1C351A2300969555 /* Debug */,
				54137D9D1C351A2300969555 /* Release */,
			);
			defaultConfigurationIsVisible = 0;
			defaultConfigurationName = Release;
		};
		54137D9E1C351A2300969555 /* Build configuration list for PBXNativeTarget "redfashionUITests" */ = {
			isa = XCConfigurationList;
			buildConfigurations = (
				54137D9F1C351A2300969555 /* Debug */,
				54137DA01C351A2300969555 /* Release */,
			);
			defaultConfigurationIsVisible = 0;
			defaultConfigurationName = Release;
		};
/* End XCConfigurationList section */
	};
	rootObject = 54137D631C351A2200969555 /* Project object */;
}
